
Microsoft Visual Studio Solution File, Format Version 12.00
# Visual Studio Version 16
VisualStudioVersion = 16.0.29409.12
MinimumVisualStudioVersion = 10.0.40219.1
Project("{9A19103F-16F7-4668-BE54-9A1E7A4F7556}") = "CommentTrees", "CommentTrees\CommentTrees.csproj", "{26329F29-2983-4E5C-A32D-9533A163247A}"
EndProject
Project("{00D1A9C2-B5F0-4AF3-8072-F6C62B433612}") = "Sql", "Sql\Sql.sqlproj", "{E7267CA6-404A-4F22-B5AF-4FC7F8DF06C4}"
EndProject
Project("{FAE04EC0-301F-11D3-BF4B-00C04F79EFBC}") = "Tests", "Tests\Tests.csproj", "{847F1FC1-2999-48C5-B5B0-51EEE30C6032}"
EndProject
Global
	GlobalSection(SolutionConfigurationPlatforms) = preSolution
		Debug|Any CPU = Debug|Any CPU
		Release|Any CPU = Release|Any CPU
	EndGlobalSection
	GlobalSection(ProjectConfigurationPlatforms) = postSolution
		{26329F29-2983-4E5C-A32D-9533A163247A}.Debug|Any CPU.ActiveCfg = Debug|Any CPU
		{26329F29-2983-4E5C-A32D-9533A163247A}.Debug|Any CPU.Build.0 = Debug|Any CPU
		{26329F29-2983-4E5C-A32D-9533A163247A}.Release|Any CPU.ActiveCfg = Release|Any CPU
		{26329F29-2983-4E5C-A32D-9533A163247A}.Release|Any CPU.Build.0 = Release|Any CPU
		{E7267CA6-404A-4F22-B5AF-4FC7F8DF06C4}.Debug|Any CPU.ActiveCfg = Debug|Any CPU
		{E7267CA6-404A-4F22-B5AF-4FC7F8DF06C4}.Debug|Any CPU.Build.0 = Debug|Any CPU
		{E7267CA6-404A-4F22-B5AF-4FC7F8DF06C4}.Debug|Any CPU.Deploy.0 = Debug|Any CPU
		{E7267CA6-404A-4F22-B5AF-4FC7F8DF06C4}.Release|Any CPU.ActiveCfg = Release|Any CPU
		{E7267CA6-404A-4F22-B5AF-4FC7F8DF06C4}.Release|Any CPU.Build.0 = Release|Any CPU
		{E7267CA6-404A-4F22-B5AF-4FC7F8DF06C4}.Release|Any CPU.Deploy.0 = Release|Any CPU
		{847F1FC1-2999-48C5-B5B0-51EEE30C6032}.Debug|Any CPU.ActiveCfg = Debug|Any CPU
		{847F1FC1-2999-48C5-B5B0-51EEE30C6032}.Debug|Any CPU.Build.0 = Debug|Any CPU
		{847F1FC1-2999-48C5-B5B0-51EEE30C6032}.Release|Any CPU.ActiveCfg = Release|Any CPU
		{847F1FC1-2999-48C5-B5B0-51EEE30C6032}.Release|Any CPU.Build.0 = Release|Any CPU
	EndGlobalSection
	GlobalSection(SolutionProperties) = preSolution
		HideSolutionNode = FALSE
	EndGlobalSection
	GlobalSection(ExtensibilityGlobals) = postSolution
		SolutionGuid = {6BDEB4BE-B929-4442-B44F-A59C332DDA8F}
	EndGlobalSection
EndGlobal
